
Microsoft Visual Studio Solution File, Format Version 12.00
# Visual Studio Version 17
VisualStudioVersion = 17.0.31912.275
MinimumVisualStudioVersion = 10.0.40219.1
Project("{2150E333-8FDC-42A3-9474-1A3956D46DE8}") = "Services", "Services", "{4A55524D-66DB-4DB0-B87E-B77512667A21}"
EndProject
Project("{2150E333-8FDC-42A3-9474-1A3956D46DE8}") = "Catalog", "Catalog", "{A45530C4-F55E-4F67-940F-B55732047D35}"
EndProject
Project("{9A19103F-16F7-4668-BE54-9A1E7A4F7556}") = "Catalog.API", "Services\Catalog\Catalog.API\Catalog.API.csproj", "{DEBBE5D7-852A-4D94-8478-6EE21E7F9203}"
EndProject
Project("{E53339B2-1760-4266-BCC7-CA923CBCF16C}") = "docker-compose", "docker-compose.dcproj", "{1BEBD3E0-3A50-4782-861D-C32BBC8425F6}"
EndProject
Project("{2150E333-8FDC-42A3-9474-1A3956D46DE8}") = "Basket", "Basket", "{1826AFB0-4301-4936-A396-518651C549CA}"
EndProject
Project("{9A19103F-16F7-4668-BE54-9A1E7A4F7556}") = "Basket.API", "Services\Basket\Basket.API\Basket.API.csproj", "{92AAE33C-F2B0-46F0-A8F0-3ECD21BAE350}"
EndProject
Project("{2150E333-8FDC-42A3-9474-1A3956D46DE8}") = "Discount", "Discount", "{DD7D25DF-909C-455E-A482-A0BDDBD2A1A3}"
EndProject
Project("{9A19103F-16F7-4668-BE54-9A1E7A4F7556}") = "Discount.API", "Services\Discount\Discount.API\Discount.API.csproj", "{3FFA2C1C-6E48-4C23-BB59-DFB7B3A8B86C}"
EndProject
Project("{9A19103F-16F7-4668-BE54-9A1E7A4F7556}") = "Discount.Grpc", "Services\Discount\Discount.Grpc\Discount.Grpc.csproj", "{26BEC76E-9F61-4206-9F40-40423E60F364}"
EndProject
Project("{2150E333-8FDC-42A3-9474-1A3956D46DE8}") = "Ordering", "Ordering", "{6F2A1BBF-9F96-4412-A73D-421B3D894105}"
EndProject
Project("{FAE04EC0-301F-11D3-BF4B-00C04F79EFBC}") = "Ordering.API", "Services\Ordering\Ordering.API\Ordering.API.csproj", "{B9AF449D-4A0D-4DE1-BCA1-FC6D9BBFBAA9}"
EndProject
Project("{FAE04EC0-301F-11D3-BF4B-00C04F79EFBC}") = "Ordering.Domain", "Services\Ordering\Ordering.Domain\Ordering.Domain.csproj", "{A6945A58-65F0-45EC-A4D1-C5E5D2D47083}"
EndProject
Project("{FAE04EC0-301F-11D3-BF4B-00C04F79EFBC}") = "Ordering.Application", "Services\Ordering\Ordering.Application\Ordering.Application.csproj", "{076AAAD6-2558-4A7C-B935-B4666834C234}"
EndProject
Project("{FAE04EC0-301F-11D3-BF4B-00C04F79EFBC}") = "Ordering.Infrastructure", "Services\Ordering\Ordering.Infrastructure\Ordering.Infrastructure.csproj", "{090BE1B0-872D-4475-88EC-51EB34531BD2}"
EndProject
Global
	GlobalSection(SolutionConfigurationPlatforms) = preSolution
		Debug|Any CPU = Debug|Any CPU
		Release|Any CPU = Release|Any CPU
	EndGlobalSection
	GlobalSection(ProjectConfigurationPlatforms) = postSolution
		{DEBBE5D7-852A-4D94-8478-6EE21E7F9203}.Debug|Any CPU.ActiveCfg = Debug|Any CPU
		{DEBBE5D7-852A-4D94-8478-6EE21E7F9203}.Debug|Any CPU.Build.0 = Debug|Any CPU
		{DEBBE5D7-852A-4D94-8478-6EE21E7F9203}.Release|Any CPU.ActiveCfg = Release|Any CPU
		{DEBBE5D7-852A-4D94-8478-6EE21E7F9203}.Release|Any CPU.Build.0 = Release|Any CPU
		{1BEBD3E0-3A50-4782-861D-C32BBC8425F6}.Debug|Any CPU.ActiveCfg = Debug|Any CPU
		{1BEBD3E0-3A50-4782-861D-C32BBC8425F6}.Debug|Any CPU.Build.0 = Debug|Any CPU
		{1BEBD3E0-3A50-4782-861D-C32BBC8425F6}.Release|Any CPU.ActiveCfg = Release|Any CPU
		{1BEBD3E0-3A50-4782-861D-C32BBC8425F6}.Release|Any CPU.Build.0 = Release|Any CPU
		{92AAE33C-F2B0-46F0-A8F0-3ECD21BAE350}.Debug|Any CPU.ActiveCfg = Debug|Any CPU
		{92AAE33C-F2B0-46F0-A8F0-3ECD21BAE350}.Debug|Any CPU.Build.0 = Debug|Any CPU
		{92AAE33C-F2B0-46F0-A8F0-3ECD21BAE350}.Release|Any CPU.ActiveCfg = Release|Any CPU
		{92AAE33C-F2B0-46F0-A8F0-3ECD21BAE350}.Release|Any CPU.Build.0 = Release|Any CPU
		{3FFA2C1C-6E48-4C23-BB59-DFB7B3A8B86C}.Debug|Any CPU.ActiveCfg = Debug|Any CPU
		{3FFA2C1C-6E48-4C23-BB59-DFB7B3A8B86C}.Debug|Any CPU.Build.0 = Debug|Any CPU
		{3FFA2C1C-6E48-4C23-BB59-DFB7B3A8B86C}.Release|Any CPU.ActiveCfg = Release|Any CPU
		{3FFA2C1C-6E48-4C23-BB59-DFB7B3A8B86C}.Release|Any CPU.Build.0 = Release|Any CPU
		{26BEC76E-9F61-4206-9F40-40423E60F364}.Debug|Any CPU.ActiveCfg = Debug|Any CPU
		{26BEC76E-9F61-4206-9F40-40423E60F364}.Debug|Any CPU.Build.0 = Debug|Any CPU
		{26BEC76E-9F61-4206-9F40-40423E60F364}.Release|Any CPU.ActiveCfg = Release|Any CPU
		{26BEC76E-9F61-4206-9F40-40423E60F364}.Release|Any CPU.Build.0 = Release|Any CPU
		{B9AF449D-4A0D-4DE1-BCA1-FC6D9BBFBAA9}.Debug|Any CPU.ActiveCfg = Debug|Any CPU
		{B9AF449D-4A0D-4DE1-BCA1-FC6D9BBFBAA9}.Debug|Any CPU.Build.0 = Debug|Any CPU
		{B9AF449D-4A0D-4DE1-BCA1-FC6D9BBFBAA9}.Release|Any CPU.ActiveCfg = Release|Any CPU
		{B9AF449D-4A0D-4DE1-BCA1-FC6D9BBFBAA9}.Release|Any CPU.Build.0 = Release|Any CPU
		{A6945A58-65F0-45EC-A4D1-C5E5D2D47083}.Debug|Any CPU.ActiveCfg = Debug|Any CPU
		{A6945A58-65F0-45EC-A4D1-C5E5D2D47083}.Debug|Any CPU.Build.0 = Debug|Any CPU
		{A6945A58-65F0-45EC-A4D1-C5E5D2D47083}.Release|Any CPU.ActiveCfg = Release|Any CPU
		{A6945A58-65F0-45EC-A4D1-C5E5D2D47083}.Release|Any CPU.Build.0 = Release|Any CPU
		{076AAAD6-2558-4A7C-B935-B4666834C234}.Debug|Any CPU.ActiveCfg = Debug|Any CPU
		{076AAAD6-2558-4A7C-B935-B4666834C234}.Debug|Any CPU.Build.0 = Debug|Any CPU
		{076AAAD6-2558-4A7C-B935-B4666834C234}.Release|Any CPU.ActiveCfg = Release|Any CPU
		{076AAAD6-2558-4A7C-B935-B4666834C234}.Release|Any CPU.Build.0 = Release|Any CPU
		{090BE1B0-872D-4475-88EC-51EB34531BD2}.Debug|Any CPU.ActiveCfg = Debug|Any CPU
		{090BE1B0-872D-4475-88EC-51EB34531BD2}.Debug|Any CPU.Build.0 = Debug|Any CPU
		{090BE1B0-872D-4475-88EC-51EB34531BD2}.Release|Any CPU.ActiveCfg = Release|Any CPU
		{090BE1B0-872D-4475-88EC-51EB34531BD2}.Release|Any CPU.Build.0 = Release|Any CPU
	EndGlobalSection
	GlobalSection(SolutionProperties) = preSolution
		HideSolutionNode = FALSE
	EndGlobalSection
	GlobalSection(NestedProjects) = preSolution
		{A45530C4-F55E-4F67-940F-B55732047D35} = {4A55524D-66DB-4DB0-B87E-B77512667A21}
		{DEBBE5D7-852A-4D94-8478-6EE21E7F9203} = {A45530C4-F55E-4F67-940F-B55732047D35}
		{1826AFB0-4301-4936-A396-518651C549CA} = {4A55524D-66DB-4DB0-B87E-B77512667A21}
		{92AAE33C-F2B0-46F0-A8F0-3ECD21BAE350} = {1826AFB0-4301-4936-A396-518651C549CA}
		{DD7D25DF-909C-455E-A482-A0BDDBD2A1A3} = {4A55524D-66DB-4DB0-B87E-B77512667A21}
		{3FFA2C1C-6E48-4C23-BB59-DFB7B3A8B86C} = {DD7D25DF-909C-455E-A482-A0BDDBD2A1A3}
		{26BEC76E-9F61-4206-9F40-40423E60F364} = {DD7D25DF-909C-455E-A482-A0BDDBD2A1A3}
		{6F2A1BBF-9F96-4412-A73D-421B3D894105} = {4A55524D-66DB-4DB0-B87E-B77512667A21}
		{B9AF449D-4A0D-4DE1-BCA1-FC6D9BBFBAA9} = {6F2A1BBF-9F96-4412-A73D-421B3D894105}
		{A6945A58-65F0-45EC-A4D1-C5E5D2D47083} = {6F2A1BBF-9F96-4412-A73D-421B3D894105}
		{076AAAD6-2558-4A7C-B935-B4666834C234} = {6F2A1BBF-9F96-4412-A73D-421B3D894105}
		{090BE1B0-872D-4475-88EC-51EB34531BD2} = {6F2A1BBF-9F96-4412-A73D-421B3D894105}
	EndGlobalSection
	GlobalSection(ExtensibilityGlobals) = postSolution
		SolutionGuid = {7F3FDD0F-6D22-47F2-9BFD-4EDD151831A2}
	EndGlobalSection
EndGlobal
